
Microsoft Visual Studio Solution File, Format Version 12.00
# Visual Studio Version 16
VisualStudioVersion = 16.0.29911.84
MinimumVisualStudioVersion = 10.0.40219.1
Project("{FAE04EC0-301F-11D3-BF4B-00C04F79EFBC}") = "WPFControlsDemo", "WPFControlsDemo\WPFControlsDemo.csproj", "{2F92790D-FC3E-4573-81DA-193532E40F4F}"
EndProject
Project("{FAE04EC0-301F-11D3-BF4B-00C04F79EFBC}") = "DemoLibrary", "DemoLibrary\DemoLibrary.csproj", "{04E59DD4-A41B-42EA-8AB7-9B207A84EB21}"
EndProject
Global
	GlobalSection(SolutionConfigurationPlatforms) = preSolution
		Debug|Any CPU = Debug|Any CPU
		Release|Any CPU = Release|Any CPU
	EndGlobalSection
	GlobalSection(ProjectConfigurationPlatforms) = postSolution
		{2F92790D-FC3E-4573-81DA-193532E40F4F}.Debug|Any CPU.ActiveCfg = Debug|Any CPU
		{2F92790D-FC3E-4573-81DA-193532E40F4F}.Debug|Any CPU.Build.0 = Debug|Any CPU
		{2F92790D-FC3E-4573-81DA-193532E40F4F}.Release|Any CPU.ActiveCfg = Release|Any CPU
		{2F92790D-FC3E-4573-81DA-193532E40F4F}.Release|Any CPU.Build.0 = Release|Any CPU
		{04E59DD4-A41B-42EA-8AB7-9B207A84EB21}.Debug|Any CPU.ActiveCfg = Debug|Any CPU
		{04E59DD4-A41B-42EA-8AB7-9B207A84EB21}.Debug|Any CPU.Build.0 = Debug|Any CPU
		{04E59DD4-A41B-42EA-8AB7-9B207A84EB21}.Release|Any CPU.ActiveCfg = Release|Any CPU
		{04E59DD4-A41B-42EA-8AB7-9B207A84EB21}.Release|Any CPU.Build.0 = Release|Any CPU
	EndGlobalSection
	GlobalSection(SolutionProperties) = preSolution
		HideSolutionNode = FALSE
	EndGlobalSection
	GlobalSection(ExtensibilityGlobals) = postSolution
		SolutionGuid = {2A57663F-3F06-45A4-9888-3FC03B3CDE14}
	EndGlobalSection
EndGlobal
